
Microsoft Visual Studio Solution File, Format Version 12.00
# Visual Studio Version 17
VisualStudioVersion = 17.2.32630.192
MinimumVisualStudioVersion = 10.0.40219.1
Project("{FAE04EC0-301F-11D3-BF4B-00C04F79EFBC}") = "Light Launcher", "Light Launcher\Light Launcher.csproj", "{6577A2DF-4A0C-4994-83AF-87EF3FDE9B4F}"
EndProject
Global
	GlobalSection(SolutionConfigurationPlatforms) = preSolution
		Debug|Any CPU = Debug|Any CPU
		Release|Any CPU = Release|Any CPU
	EndGlobalSection
	GlobalSection(ProjectConfigurationPlatforms) = postSolution
		{6577A2DF-4A0C-4994-83AF-87EF3FDE9B4F}.Debug|Any CPU.ActiveCfg = Debug|Any CPU
		{6577A2DF-4A0C-4994-83AF-87EF3FDE9B4F}.Debug|Any CPU.Build.0 = Debug|Any CPU
		{6577A2DF-4A0C-4994-83AF-87EF3FDE9B4F}.Release|Any CPU.ActiveCfg = Release|Any CPU
		{6577A2DF-4A0C-4994-83AF-87EF3FDE9B4F}.Release|Any CPU.Build.0 = Release|Any CPU
	EndGlobalSection
	GlobalSection(SolutionProperties) = preSolution
		HideSolutionNode = FALSE
	EndGlobalSection
	GlobalSection(ExtensibilityGlobals) = postSolution
		SolutionGuid = {402602FB-5324-4A2F-889C-489D9D440B63}
	EndGlobalSection
EndGlobal
